{
  "originHash" : "a0f4e6c43caba06b86b2266e7c407c04856f8ac9cff15a7a4eb210a7de994b78",
  "pins" : [
    {
      "identity" : "ios-places-sdk",
      "kind" : "remoteSourceControl",
      "location" : "https://github.com/googlemaps/ios-places-sdk",
      "state" : {
        "revision" : "db961cdf29b116c497baf87c1ef8188082089fb7",
        "version" : "8.3.0"
      }
    }
  ],
  "version" : 3
}
