// !$*UTF8*$!
{
	archiveVersion = 1;
	classes = {
	};
	objectVersion = 56;
	objects = {

/* Begin PBXBuildFile section */
		62B5E6BD2BA21EDF00E3ED07 /* APIManager.swift in Sources */ = {isa = PBXBuildFile; fileRef = 62B5E6BC2BA21EDF00E3ED07 /* APIManager.swift */; };
		62B5E6C02BA22C5500E3ED07 /* PROD-Keys.plist in Resources */ = {isa = PBXBuildFile; fileRef = 62B5E6BF2BA22C5500E3ED07 /* PROD-Keys.plist */; };
		62B5E6C22BA23C6100E3ED07 /* Errors.swift in Sources */ = {isa = PBXBuildFile; fileRef = 62B5E6C12BA23C6100E3ED07 /* Errors.swift */; };
		62B5E6C52BA3699600E3ED07 /* PlacesModel.swift in Sources */ = {isa = PBXBuildFile; fileRef = 62B5E6C42BA3699600E3ED07 /* PlacesModel.swift */; };
		62CD744E2BA21DFD006F022F /* MiniChallenge04App.swift in Sources */ = {isa = PBXBuildFile; fileRef = 62CD744D2BA21DFD006F022F /* MiniChallenge04App.swift */; };
		62CD74502BA21DFD006F022F /* ContentView.swift in Sources */ = {isa = PBXBuildFile; fileRef = 62CD744F2BA21DFD006F022F /* ContentView.swift */; };
		62CD74522BA21DFF006F022F /* Assets.xcassets in Resources */ = {isa = PBXBuildFile; fileRef = 62CD74512BA21DFF006F022F /* Assets.xcassets */; };
		62CD74552BA21DFF006F022F /* Preview Assets.xcassets in Resources */ = {isa = PBXBuildFile; fileRef = 62CD74542BA21DFF006F022F /* Preview Assets.xcassets */; };
		62CD745D2BA21E7A006F022F /* GooglePlaces in Frameworks */ = {isa = PBXBuildFile; productRef = 62CD745C2BA21E7A006F022F /* GooglePlaces */; };
		DDCB1D633F14B7DF0CBA91AF /* Pods_MiniChallenge04.framework in Frameworks */ = {isa = PBXBuildFile; fileRef = BCD00C95CF5B0A7CD6B636A1 /* Pods_MiniChallenge04.framework */; };
/* End PBXBuildFile section */

/* Begin PBXFileReference section */
		12292422961DBE13E3111C71 /* Pods-MiniChallenge04.debug.xcconfig */ = {isa = PBXFileReference; includeInIndex = 1; lastKnownFileType = text.xcconfig; name = "Pods-MiniChallenge04.debug.xcconfig"; path = "Target Support Files/Pods-MiniChallenge04/Pods-MiniChallenge04.debug.xcconfig"; sourceTree = "<group>"; };
		62B5E6BC2BA21EDF00E3ED07 /* APIManager.swift */ = {isa = PBXFileReference; lastKnownFileType = sourcecode.swift; path = APIManager.swift; sourceTree = "<group>"; };
		62B5E6BF2BA22C5500E3ED07 /* PROD-Keys.plist */ = {isa = PBXFileReference; lastKnownFileType = text.plist.xml; path = "PROD-Keys.plist"; sourceTree = "<group>"; };
		62B5E6C12BA23C6100E3ED07 /* Errors.swift */ = {isa = PBXFileReference; lastKnownFileType = sourcecode.swift; path = Errors.swift; sourceTree = "<group>"; };
		62B5E6C42BA3699600E3ED07 /* PlacesModel.swift */ = {isa = PBXFileReference; lastKnownFileType = sourcecode.swift; path = PlacesModel.swift; sourceTree = "<group>"; };
		62CD744A2BA21DFD006F022F /* MiniChallenge04.app */ = {isa = PBXFileReference; explicitFileType = wrapper.application; includeInIndex = 0; path = MiniChallenge04.app; sourceTree = BUILT_PRODUCTS_DIR; };
		62CD744D2BA21DFD006F022F /* MiniChallenge04App.swift */ = {isa = PBXFileReference; lastKnownFileType = sourcecode.swift; path = MiniChallenge04App.swift; sourceTree = "<group>"; };
		62CD744F2BA21DFD006F022F /* ContentView.swift */ = {isa = PBXFileReference; lastKnownFileType = sourcecode.swift; path = ContentView.swift; sourceTree = "<group>"; };
		62CD74512BA21DFF006F022F /* Assets.xcassets */ = {isa = PBXFileReference; lastKnownFileType = folder.assetcatalog; path = Assets.xcassets; sourceTree = "<group>"; };
		62CD74542BA21DFF006F022F /* Preview Assets.xcassets */ = {isa = PBXFileReference; lastKnownFileType = folder.assetcatalog; path = "Preview Assets.xcassets"; sourceTree = "<group>"; };
		72B5C5178C4E36F05E4C9396 /* Pods-MiniChallenge04.release.xcconfig */ = {isa = PBXFileReference; includeInIndex = 1; lastKnownFileType = text.xcconfig; name = "Pods-MiniChallenge04.release.xcconfig"; path = "Target Support Files/Pods-MiniChallenge04/Pods-MiniChallenge04.release.xcconfig"; sourceTree = "<group>"; };
		BCD00C95CF5B0A7CD6B636A1 /* Pods_MiniChallenge04.framework */ = {isa = PBXFileReference; explicitFileType = wrapper.framework; includeInIndex = 0; path = Pods_MiniChallenge04.framework; sourceTree = BUILT_PRODUCTS_DIR; };
/* End PBXFileReference section */

/* Begin PBXFrameworksBuildPhase section */
		62CD74472BA21DFD006F022F /* Frameworks */ = {
			isa = PBXFrameworksBuildPhase;
			buildActionMask = 2147483647;
			files = (
				62CD745D2BA21E7A006F022F /* GooglePlaces in Frameworks */,
				DDCB1D633F14B7DF0CBA91AF /* Pods_MiniChallenge04.framework in Frameworks */,
			);
			runOnlyForDeploymentPostprocessing = 0;
		};
/* End PBXFrameworksBuildPhase section */

/* Begin PBXGroup section */
		62B5E6BB2BA21ED000E3ED07 /* Utility */ = {
			isa = PBXGroup;
			children = (
				62B5E6BC2BA21EDF00E3ED07 /* APIManager.swift */,
				62B5E6C12BA23C6100E3ED07 /* Errors.swift */,
			);
			path = Utility;
			sourceTree = "<group>";
		};
		62B5E6C32BA3697F00E3ED07 /* Models */ = {
			isa = PBXGroup;
			children = (
				62B5E6C42BA3699600E3ED07 /* PlacesModel.swift */,
			);
			path = Models;
			sourceTree = "<group>";
		};
		62CD74412BA21DFD006F022F = {
			isa = PBXGroup;
			children = (
				62CD744C2BA21DFD006F022F /* MiniChallenge04 */,
				62CD744B2BA21DFD006F022F /* Products */,
				C051BA09DB1F73FBA01C08C5 /* Pods */,
				806F97F4E8F5BA75A982C82C /* Frameworks */,
			);
			sourceTree = "<group>";
		};
		62CD744B2BA21DFD006F022F /* Products */ = {
			isa = PBXGroup;
			children = (
				62CD744A2BA21DFD006F022F /* MiniChallenge04.app */,
			);
			name = Products;
			sourceTree = "<group>";
		};
		62CD744C2BA21DFD006F022F /* MiniChallenge04 */ = {
			isa = PBXGroup;
			children = (
				62B5E6C32BA3697F00E3ED07 /* Models */,
				62B5E6BB2BA21ED000E3ED07 /* Utility */,
				62CD744D2BA21DFD006F022F /* MiniChallenge04App.swift */,
				62CD744F2BA21DFD006F022F /* ContentView.swift */,
				62CD74512BA21DFF006F022F /* Assets.xcassets */,
				62CD74532BA21DFF006F022F /* Preview Content */,
				62B5E6BF2BA22C5500E3ED07 /* PROD-Keys.plist */,
			);
			path = MiniChallenge04;
			sourceTree = "<group>";
		};
		62CD74532BA21DFF006F022F /* Preview Content */ = {
			isa = PBXGroup;
			children = (
				62CD74542BA21DFF006F022F /* Preview Assets.xcassets */,
			);
			path = "Preview Content";
			sourceTree = "<group>";
		};
		806F97F4E8F5BA75A982C82C /* Frameworks */ = {
			isa = PBXGroup;
			children = (
				BCD00C95CF5B0A7CD6B636A1 /* Pods_MiniChallenge04.framework */,
			);
			name = Frameworks;
			sourceTree = "<group>";
		};
		C051BA09DB1F73FBA01C08C5 /* Pods */ = {
			isa = PBXGroup;
			children = (
				12292422961DBE13E3111C71 /* Pods-MiniChallenge04.debug.xcconfig */,
				72B5C5178C4E36F05E4C9396 /* Pods-MiniChallenge04.release.xcconfig */,
			);
			path = Pods;
			sourceTree = "<group>";
		};
/* End PBXGroup section */

/* Begin PBXNativeTarget section */
		62CD74492BA21DFD006F022F /* MiniChallenge04 */ = {
			isa = PBXNativeTarget;
			buildConfigurationList = 62CD74582BA21DFF006F022F /* Build configuration list for PBXNativeTarget "MiniChallenge04" */;
			buildPhases = (
				39D888D90CBDFF5252B50DF7 /* [CP] Check Pods Manifest.lock */,
				62CD74462BA21DFD006F022F /* Sources */,
				62CD74472BA21DFD006F022F /* Frameworks */,
				62CD74482BA21DFD006F022F /* Resources */,
				729F21D92D1F31B29F3E6833 /* [CP] Embed Pods Frameworks */,
			);
			buildRules = (
			);
			dependencies = (
			);
			name = MiniChallenge04;
			packageProductDependencies = (
				62CD745C2BA21E7A006F022F /* GooglePlaces */,
			);
			productName = MiniChallenge04;
			productReference = 62CD744A2BA21DFD006F022F /* MiniChallenge04.app */;
			productType = "com.apple.product-type.application";
		};
/* End PBXNativeTarget section */

/* Begin PBXProject section */
		62CD74422BA21DFD006F022F /* Project object */ = {
			isa = PBXProject;
			attributes = {
				BuildIndependentTargetsInParallel = 1;
				LastSwiftUpdateCheck = 1500;
				LastUpgradeCheck = 1500;
				TargetAttributes = {
					62CD74492BA21DFD006F022F = {
						CreatedOnToolsVersion = 15.0.1;
					};
				};
			};
			buildConfigurationList = 62CD74452BA21DFD006F022F /* Build configuration list for PBXProject "MiniChallenge04" */;
			compatibilityVersion = "Xcode 14.0";
			developmentRegion = en;
			hasScannedForEncodings = 0;
			knownRegions = (
				en,
				Base,
			);
			mainGroup = 62CD74412BA21DFD006F022F;
			packageReferences = (
				62CD745B2BA21E7A006F022F /* XCRemoteSwiftPackageReference "ios-places-sdk" */,
			);
			productRefGroup = 62CD744B2BA21DFD006F022F /* Products */;
			projectDirPath = "";
			projectRoot = "";
			targets = (
				62CD74492BA21DFD006F022F /* MiniChallenge04 */,
			);
		};
/* End PBXProject section */

/* Begin PBXResourcesBuildPhase section */
		62CD74482BA21DFD006F022F /* Resources */ = {
			isa = PBXResourcesBuildPhase;
			buildActionMask = 2147483647;
			files = (
				62CD74552BA21DFF006F022F /* Preview Assets.xcassets in Resources */,
				62B5E6C02BA22C5500E3ED07 /* PROD-Keys.plist in Resources */,
				62CD74522BA21DFF006F022F /* Assets.xcassets in Resources */,
			);
			runOnlyForDeploymentPostprocessing = 0;
		};
/* End PBXResourcesBuildPhase section */

/* Begin PBXShellScriptBuildPhase section */
		39D888D90CBDFF5252B50DF7 /* [CP] Check Pods Manifest.lock */ = {
			isa = PBXShellScriptBuildPhase;
			buildActionMask = 2147483647;
			files = (
			);
			inputFileListPaths = (
			);
			inputPaths = (
				"${PODS_PODFILE_DIR_PATH}/Podfile.lock",
				"${PODS_ROOT}/Manifest.lock",
			);
			name = "[CP] Check Pods Manifest.lock";
			outputFileListPaths = (
			);
			outputPaths = (
				"$(DERIVED_FILE_DIR)/Pods-MiniChallenge04-checkManifestLockResult.txt",
			);
			runOnlyForDeploymentPostprocessing = 0;
			shellPath = /bin/sh;
			shellScript = "diff \"${PODS_PODFILE_DIR_PATH}/Podfile.lock\" \"${PODS_ROOT}/Manifest.lock\" > /dev/null\nif [ $? != 0 ] ; then\n    # print error to STDERR\n    echo \"error: The sandbox is not in sync with the Podfile.lock. Run 'pod install' or update your CocoaPods installation.\" >&2\n    exit 1\nfi\n# This output is used by Xcode 'outputs' to avoid re-running this script phase.\necho \"SUCCESS\" > \"${SCRIPT_OUTPUT_FILE_0}\"\n";
			showEnvVarsInLog = 0;
		};
		729F21D92D1F31B29F3E6833 /* [CP] Embed Pods Frameworks */ = {
			isa = PBXShellScriptBuildPhase;
			buildActionMask = 2147483647;
			files = (
			);
			inputFileListPaths = (
				"${PODS_ROOT}/Target Support Files/Pods-MiniChallenge04/Pods-MiniChallenge04-frameworks-${CONFIGURATION}-input-files.xcfilelist",
			);
			name = "[CP] Embed Pods Frameworks";
			outputFileListPaths = (
				"${PODS_ROOT}/Target Support Files/Pods-MiniChallenge04/Pods-MiniChallenge04-frameworks-${CONFIGURATION}-output-files.xcfilelist",
			);
			runOnlyForDeploymentPostprocessing = 0;
			shellPath = /bin/sh;
			shellScript = "\"${PODS_ROOT}/Target Support Files/Pods-MiniChallenge04/Pods-MiniChallenge04-frameworks.sh\"\n";
			showEnvVarsInLog = 0;
		};
/* End PBXShellScriptBuildPhase section */

/* Begin PBXSourcesBuildPhase section */
		62CD74462BA21DFD006F022F /* Sources */ = {
			isa = PBXSourcesBuildPhase;
			buildActionMask = 2147483647;
			files = (
				62B5E6C22BA23C6100E3ED07 /* Errors.swift in Sources */,
				62B5E6BD2BA21EDF00E3ED07 /* APIManager.swift in Sources */,
				62CD74502BA21DFD006F022F /* ContentView.swift in Sources */,
				62CD744E2BA21DFD006F022F /* MiniChallenge04App.swift in Sources */,
				62B5E6C52BA3699600E3ED07 /* PlacesModel.swift in Sources */,
			);
			runOnlyForDeploymentPostprocessing = 0;
		};
/* End PBXSourcesBuildPhase section */

/* Begin XCBuildConfiguration section */
		62CD74562BA21DFF006F022F /* Debug */ = {
			isa = XCBuildConfiguration;
			buildSettings = {
				ALWAYS_SEARCH_USER_PATHS = NO;
				ASSETCATALOG_COMPILER_GENERATE_SWIFT_ASSET_SYMBOL_EXTENSIONS = YES;
				CLANG_ANALYZER_NONNULL = YES;
				CLANG_ANALYZER_NUMBER_OBJECT_CONVERSION = YES_AGGRESSIVE;
				CLANG_CXX_LANGUAGE_STANDARD = "gnu++20";
				CLANG_ENABLE_MODULES = YES;
				CLANG_ENABLE_OBJC_ARC = YES;
				CLANG_ENABLE_OBJC_WEAK = YES;
				CLANG_WARN_BLOCK_CAPTURE_AUTORELEASING = YES;
				CLANG_WARN_BOOL_CONVERSION = YES;
				CLANG_WARN_COMMA = YES;
				CLANG_WARN_CONSTANT_CONVERSION = YES;
				CLANG_WARN_DEPRECATED_OBJC_IMPLEMENTATIONS = YES;
				CLANG_WARN_DIRECT_OBJC_ISA_USAGE = YES_ERROR;
				CLANG_WARN_DOCUMENTATION_COMMENTS = YES;
				CLANG_WARN_EMPTY_BODY = YES;
				CLANG_WARN_ENUM_CONVERSION = YES;
				CLANG_WARN_INFINITE_RECURSION = YES;
				CLANG_WARN_INT_CONVERSION = YES;
				CLANG_WARN_NON_LITERAL_NULL_CONVERSION = YES;
				CLANG_WARN_OBJC_IMPLICIT_RETAIN_SELF = YES;
				CLANG_WARN_OBJC_LITERAL_CONVERSION = YES;
				CLANG_WARN_OBJC_ROOT_CLASS = YES_ERROR;
				CLANG_WARN_QUOTED_INCLUDE_IN_FRAMEWORK_HEADER = YES;
				CLANG_WARN_RANGE_LOOP_ANALYSIS = YES;
				CLANG_WARN_STRICT_PROTOTYPES = YES;
				CLANG_WARN_SUSPICIOUS_MOVE = YES;
				CLANG_WARN_UNGUARDED_AVAILABILITY = YES_AGGRESSIVE;
				CLANG_WARN_UNREACHABLE_CODE = YES;
				CLANG_WARN__DUPLICATE_METHOD_MATCH = YES;
				COPY_PHASE_STRIP = NO;
				DEBUG_INFORMATION_FORMAT = dwarf;
				ENABLE_STRICT_OBJC_MSGSEND = YES;
				ENABLE_TESTABILITY = YES;
				ENABLE_USER_SCRIPT_SANDBOXING = YES;
				GCC_C_LANGUAGE_STANDARD = gnu17;
				GCC_DYNAMIC_NO_PIC = NO;
				GCC_NO_COMMON_BLOCKS = YES;
				GCC_OPTIMIZATION_LEVEL = 0;
				GCC_PREPROCESSOR_DEFINITIONS = (
					"DEBUG=1",
					"$(inherited)",
				);
				GCC_WARN_64_TO_32_BIT_CONVERSION = YES;
				GCC_WARN_ABOUT_RETURN_TYPE = YES_ERROR;
				GCC_WARN_UNDECLARED_SELECTOR = YES;
				GCC_WARN_UNINITIALIZED_AUTOS = YES_AGGRESSIVE;
				GCC_WARN_UNUSED_FUNCTION = YES;
				GCC_WARN_UNUSED_VARIABLE = YES;
				IPHONEOS_DEPLOYMENT_TARGET = 17.0;
				LOCALIZATION_PREFERS_STRING_CATALOGS = YES;
				MTL_ENABLE_DEBUG_INFO = INCLUDE_SOURCE;
				MTL_FAST_MATH = YES;
				ONLY_ACTIVE_ARCH = YES;
				SDKROOT = iphoneos;
				SWIFT_ACTIVE_COMPILATION_CONDITIONS = "DEBUG $(inherited)";
				SWIFT_OPTIMIZATION_LEVEL = "-Onone";
			};
			name = Debug;
		};
		62CD74572BA21DFF006F022F /* Release */ = {
			isa = XCBuildConfiguration;
			buildSettings = {
				ALWAYS_SEARCH_USER_PATHS = NO;
				ASSETCATALOG_COMPILER_GENERATE_SWIFT_ASSET_SYMBOL_EXTENSIONS = YES;
				CLANG_ANALYZER_NONNULL = YES;
				CLANG_ANALYZER_NUMBER_OBJECT_CONVERSION = YES_AGGRESSIVE;
				CLANG_CXX_LANGUAGE_STANDARD = "gnu++20";
				CLANG_ENABLE_MODULES = YES;
				CLANG_ENABLE_OBJC_ARC = YES;
				CLANG_ENABLE_OBJC_WEAK = YES;
				CLANG_WARN_BLOCK_CAPTURE_AUTORELEASING = YES;
				CLANG_WARN_BOOL_CONVERSION = YES;
				CLANG_WARN_COMMA = YES;
				CLANG_WARN_CONSTANT_CONVERSION = YES;
				CLANG_WARN_DEPRECATED_OBJC_IMPLEMENTATIONS = YES;
				CLANG_WARN_DIRECT_OBJC_ISA_USAGE = YES_ERROR;
				CLANG_WARN_DOCUMENTATION_COMMENTS = YES;
				CLANG_WARN_EMPTY_BODY = YES;
				CLANG_WARN_ENUM_CONVERSION = YES;
				CLANG_WARN_INFINITE_RECURSION = YES;
				CLANG_WARN_INT_CONVERSION = YES;
				CLANG_WARN_NON_LITERAL_NULL_CONVERSION = YES;
				CLANG_WARN_OBJC_IMPLICIT_RETAIN_SELF = YES;
				CLANG_WARN_OBJC_LITERAL_CONVERSION = YES;
				CLANG_WARN_OBJC_ROOT_CLASS = YES_ERROR;
				CLANG_WARN_QUOTED_INCLUDE_IN_FRAMEWORK_HEADER = YES;
				CLANG_WARN_RANGE_LOOP_ANALYSIS = YES;
				CLANG_WARN_STRICT_PROTOTYPES = YES;
				CLANG_WARN_SUSPICIOUS_MOVE = YES;
				CLANG_WARN_UNGUARDED_AVAILABILITY = YES_AGGRESSIVE;
				CLANG_WARN_UNREACHABLE_CODE = YES;
				CLANG_WARN__DUPLICATE_METHOD_MATCH = YES;
				COPY_PHASE_STRIP = NO;
				DEBUG_INFORMATION_FORMAT = "dwarf-with-dsym";
				ENABLE_NS_ASSERTIONS = NO;
				ENABLE_STRICT_OBJC_MSGSEND = YES;
				ENABLE_USER_SCRIPT_SANDBOXING = YES;
				GCC_C_LANGUAGE_STANDARD = gnu17;
				GCC_NO_COMMON_BLOCKS = YES;
				GCC_WARN_64_TO_32_BIT_CONVERSION = YES;
				GCC_WARN_ABOUT_RETURN_TYPE = YES_ERROR;
				GCC_WARN_UNDECLARED_SELECTOR = YES;
				GCC_WARN_UNINITIALIZED_AUTOS = YES_AGGRESSIVE;
				GCC_WARN_UNUSED_FUNCTION = YES;
				GCC_WARN_UNUSED_VARIABLE = YES;
				IPHONEOS_DEPLOYMENT_TARGET = 17.0;
				LOCALIZATION_PREFERS_STRING_CATALOGS = YES;
				MTL_ENABLE_DEBUG_INFO = NO;
				MTL_FAST_MATH = YES;
				SDKROOT = iphoneos;
				SWIFT_COMPILATION_MODE = wholemodule;
				VALIDATE_PRODUCT = YES;
			};
			name = Release;
		};
		62CD74592BA21DFF006F022F /* Debug */ = {
			isa = XCBuildConfiguration;
			baseConfigurationReference = 12292422961DBE13E3111C71 /* Pods-MiniChallenge04.debug.xcconfig */;
			buildSettings = {
				ASSETCATALOG_COMPILER_APPICON_NAME = AppIcon;
				ASSETCATALOG_COMPILER_GLOBAL_ACCENT_COLOR_NAME = AccentColor;
				CODE_SIGN_STYLE = Automatic;
				CURRENT_PROJECT_VERSION = 1;
				DEVELOPMENT_ASSET_PATHS = "\"MiniChallenge04/Preview Content\"";
				DEVELOPMENT_TEAM = H6ULSPHHN4;
				ENABLE_PREVIEWS = YES;
				ENABLE_USER_SCRIPT_SANDBOXING = NO;
				GENERATE_INFOPLIST_FILE = YES;
				INFOPLIST_KEY_UIApplicationSceneManifest_Generation = YES;
				INFOPLIST_KEY_UIApplicationSupportsIndirectInputEvents = YES;
				INFOPLIST_KEY_UILaunchScreen_Generation = YES;
				INFOPLIST_KEY_UISupportedInterfaceOrientations_iPad = "UIInterfaceOrientationPortrait UIInterfaceOrientationPortraitUpsideDown UIInterfaceOrientationLandscapeLeft UIInterfaceOrientationLandscapeRight";
				INFOPLIST_KEY_UISupportedInterfaceOrientations_iPhone = "UIInterfaceOrientationPortrait UIInterfaceOrientationLandscapeLeft UIInterfaceOrientationLandscapeRight";
				LD_RUNPATH_SEARCH_PATHS = (
					"$(inherited)",
					"@executable_path/Frameworks",
				);
				MARKETING_VERSION = 1.0;
				PRODUCT_BUNDLE_IDENTIFIER = "The-Nopera.MiniChallenge04";
				PRODUCT_NAME = "$(TARGET_NAME)";
				SWIFT_EMIT_LOC_STRINGS = YES;
				SWIFT_VERSION = 5.0;
				TARGETED_DEVICE_FAMILY = "1,2";
			};
			name = Debug;
		};
		62CD745A2BA21DFF006F022F /* Release */ = {
			isa = XCBuildConfiguration;
			baseConfigurationReference = 72B5C5178C4E36F05E4C9396 /* Pods-MiniChallenge04.release.xcconfig */;
			buildSettings = {
				ASSETCATALOG_COMPILER_APPICON_NAME = AppIcon;
				ASSETCATALOG_COMPILER_GLOBAL_ACCENT_COLOR_NAME = AccentColor;
				CODE_SIGN_STYLE = Automatic;
				CURRENT_PROJECT_VERSION = 1;
				DEVELOPMENT_ASSET_PATHS = "\"MiniChallenge04/Preview Content\"";
				DEVELOPMENT_TEAM = H6ULSPHHN4;
				ENABLE_PREVIEWS = YES;
				ENABLE_USER_SCRIPT_SANDBOXING = NO;
				GENERATE_INFOPLIST_FILE = YES;
				INFOPLIST_KEY_UIApplicationSceneManifest_Generation = YES;
				INFOPLIST_KEY_UIApplicationSupportsIndirectInputEvents = YES;
				INFOPLIST_KEY_UILaunchScreen_Generation = YES;
				INFOPLIST_KEY_UISupportedInterfaceOrientations_iPad = "UIInterfaceOrientationPortrait UIInterfaceOrientationPortraitUpsideDown UIInterfaceOrientationLandscapeLeft UIInterfaceOrientationLandscapeRight";
				INFOPLIST_KEY_UISupportedInterfaceOrientations_iPhone = "UIInterfaceOrientationPortrait UIInterfaceOrientationLandscapeLeft UIInterfaceOrientationLandscapeRight";
				LD_RUNPATH_SEARCH_PATHS = (
					"$(inherited)",
					"@executable_path/Frameworks",
				);
				MARKETING_VERSION = 1.0;
				PRODUCT_BUNDLE_IDENTIFIER = "The-Nopera.MiniChallenge04";
				PRODUCT_NAME = "$(TARGET_NAME)";
				SWIFT_EMIT_LOC_STRINGS = YES;
				SWIFT_VERSION = 5.0;
				TARGETED_DEVICE_FAMILY = "1,2";
			};
			name = Release;
		};
/* End XCBuildConfiguration section */

/* Begin XCConfigurationList section */
		62CD74452BA21DFD006F022F /* Build configuration list for PBXProject "MiniChallenge04" */ = {
			isa = XCConfigurationList;
			buildConfigurations = (
				62CD74562BA21DFF006F022F /* Debug */,
				62CD74572BA21DFF006F022F /* Release */,
			);
			defaultConfigurationIsVisible = 0;
			defaultConfigurationName = Release;
		};
		62CD74582BA21DFF006F022F /* Build configuration list for PBXNativeTarget "MiniChallenge04" */ = {
			isa = XCConfigurationList;
			buildConfigurations = (
				62CD74592BA21DFF006F022F /* Debug */,
				62CD745A2BA21DFF006F022F /* Release */,
			);
			defaultConfigurationIsVisible = 0;
			defaultConfigurationName = Release;
		};
/* End XCConfigurationList section */

/* Begin XCRemoteSwiftPackageReference section */
		62CD745B2BA21E7A006F022F /* XCRemoteSwiftPackageReference "ios-places-sdk" */ = {
			isa = XCRemoteSwiftPackageReference;
			repositoryURL = "https://github.com/googlemaps/ios-places-sdk";
			requirement = {
				kind = upToNextMajorVersion;
				minimumVersion = 8.3.0;
			};
		};
/* End XCRemoteSwiftPackageReference section */

/* Begin XCSwiftPackageProductDependency section */
		62CD745C2BA21E7A006F022F /* GooglePlaces */ = {
			isa = XCSwiftPackageProductDependency;
			package = 62CD745B2BA21E7A006F022F /* XCRemoteSwiftPackageReference "ios-places-sdk" */;
			productName = GooglePlaces;
		};
/* End XCSwiftPackageProductDependency section */
	};
	rootObject = 62CD74422BA21DFD006F022F /* Project object */;
}
